# THIS IS AN AUTOGENERATED FILE. DO NOT EDIT THIS FILE DIRECTLY.
# yarn lockfile v1


"@types/crypto-js@^3.1.37":
  version "3.1.37"
  resolved "http://registry.npm.taobao.org/@types/crypto-js/download/@types/crypto-js-3.1.37.tgz#ae05b21447d14f2db4bd0a2de950ef18fc78b478"

"@types/node@^8.0.50":
  version "8.0.50"
  resolved "http://registry.npm.taobao.org/@types/node/download/@types/node-8.0.50.tgz#dc545448e128c88c4eec7cd64025fcc3b7604541"

crypto-js@^3.1.9-1:
  version "3.1.9-1"
  resolved "http://registry.npm.taobao.org/crypto-js/download/crypto-js-3.1.9-1.tgz#fda19e761fc077e01ffbfdc6e9fdfc59e8806cd8"

kitx@^1.3.0:
  version "1.3.0"
  resolved "http://registry.npm.taobao.org/kitx/download/kitx-1.3.0.tgz#ab3ee7c598d2b1d629fd55568f868c4440c200ea"
